
Microsoft Visual Studio Solution File, Format Version 12.00
# Visual Studio Version 17
VisualStudioVersion = 17.6.33723.286
MinimumVisualStudioVersion = 10.0.40219.1
Project("{FAE04EC0-301F-11D3-BF4B-00C04F79EFBC}") = "TrabajoPractico3Ejercicio4", "TrabajoPractico3Ejercicio4\TrabajoPractico3Ejercicio4.csproj", "{8461037B-3A3E-4F96-9DF1-08E525C443E1}"
EndProject
Global
	GlobalSection(SolutionConfigurationPlatforms) = preSolution
		Debug|Any CPU = Debug|Any CPU
		Release|Any CPU = Release|Any CPU
	EndGlobalSection
	GlobalSection(ProjectConfigurationPlatforms) = postSolution
		{8461037B-3A3E-4F96-9DF1-08E525C443E1}.Debug|Any CPU.ActiveCfg = Debug|Any CPU
		{8461037B-3A3E-4F96-9DF1-08E525C443E1}.Debug|Any CPU.Build.0 = Debug|Any CPU
		{8461037B-3A3E-4F96-9DF1-08E525C443E1}.Release|Any CPU.ActiveCfg = Release|Any CPU
		{8461037B-3A3E-4F96-9DF1-08E525C443E1}.Release|Any CPU.Build.0 = Release|Any CPU
	EndGlobalSection
	GlobalSection(SolutionProperties) = preSolution
		HideSolutionNode = FALSE
	EndGlobalSection
	GlobalSection(ExtensibilityGlobals) = postSolution
		SolutionGuid = {2EEE9CA9-B0F3-4236-BDDE-08B7EEC973A3}
	EndGlobalSection
EndGlobal
