
Microsoft Visual Studio Solution File, Format Version 12.00
# Visual Studio Version 17
VisualStudioVersion = 17.6.33723.286
MinimumVisualStudioVersion = 10.0.40219.1
Project("{FAE04EC0-301F-11D3-BF4B-00C04F79EFBC}") = "TrabajoPractico3Ejercicio5", "TrabajoPractico3Ejercicio5\TrabajoPractico3Ejercicio5.csproj", "{6EB5D57D-F093-4C6C-84C7-44ABD94C94FA}"
EndProject
Global
	GlobalSection(SolutionConfigurationPlatforms) = preSolution
		Debug|Any CPU = Debug|Any CPU
		Release|Any CPU = Release|Any CPU
	EndGlobalSection
	GlobalSection(ProjectConfigurationPlatforms) = postSolution
		{6EB5D57D-F093-4C6C-84C7-44ABD94C94FA}.Debug|Any CPU.ActiveCfg = Debug|Any CPU
		{6EB5D57D-F093-4C6C-84C7-44ABD94C94FA}.Debug|Any CPU.Build.0 = Debug|Any CPU
		{6EB5D57D-F093-4C6C-84C7-44ABD94C94FA}.Release|Any CPU.ActiveCfg = Release|Any CPU
		{6EB5D57D-F093-4C6C-84C7-44ABD94C94FA}.Release|Any CPU.Build.0 = Release|Any CPU
	EndGlobalSection
	GlobalSection(SolutionProperties) = preSolution
		HideSolutionNode = FALSE
	EndGlobalSection
	GlobalSection(ExtensibilityGlobals) = postSolution
		SolutionGuid = {83B4D3B7-3B53-4A0F-8B52-7C93D9F05E22}
	EndGlobalSection
EndGlobal
