
Microsoft Visual Studio Solution File, Format Version 12.00
# Visual Studio Version 17
VisualStudioVersion = 17.6.33723.286
MinimumVisualStudioVersion = 10.0.40219.1
Project("{FAE04EC0-301F-11D3-BF4B-00C04F79EFBC}") = "trabajoPractico3Ejercicio6", "trabajoPractico3Ejercicio6\trabajoPractico3Ejercicio6.csproj", "{D7DB72D4-814E-4AF1-80CF-C4EBA10ACB4A}"
EndProject
Global
	GlobalSection(SolutionConfigurationPlatforms) = preSolution
		Debug|Any CPU = Debug|Any CPU
		Release|Any CPU = Release|Any CPU
	EndGlobalSection
	GlobalSection(ProjectConfigurationPlatforms) = postSolution
		{D7DB72D4-814E-4AF1-80CF-C4EBA10ACB4A}.Debug|Any CPU.ActiveCfg = Debug|Any CPU
		{D7DB72D4-814E-4AF1-80CF-C4EBA10ACB4A}.Debug|Any CPU.Build.0 = Debug|Any CPU
		{D7DB72D4-814E-4AF1-80CF-C4EBA10ACB4A}.Release|Any CPU.ActiveCfg = Release|Any CPU
		{D7DB72D4-814E-4AF1-80CF-C4EBA10ACB4A}.Release|Any CPU.Build.0 = Release|Any CPU
	EndGlobalSection
	GlobalSection(SolutionProperties) = preSolution
		HideSolutionNode = FALSE
	EndGlobalSection
	GlobalSection(ExtensibilityGlobals) = postSolution
		SolutionGuid = {E1781284-5FBB-4248-A3DA-C9B9ADF09F00}
	EndGlobalSection
EndGlobal
